
Microsoft Visual Studio Solution File, Format Version 12.00
# Visual Studio 15
VisualStudioVersion = 15.0.27004.2002
MinimumVisualStudioVersion = 10.0.40219.1
Project("{FAE04EC0-301F-11D3-BF4B-00C04F79EFBC}") = "DataWork.Data", "DataWork.Data\DataWork.Data.csproj", "{F6A64A83-ADFA-43E6-973C-ED663486151F}"
EndProject
Project("{FAE04EC0-301F-11D3-BF4B-00C04F79EFBC}") = "DataWork.Web", "DataWork.Web\DataWork.Web.csproj", "{D52EB072-0764-4D0F-BBE0-838E951E9477}"
EndProject
Project("{FAE04EC0-301F-11D3-BF4B-00C04F79EFBC}") = "DataWork.Common", "DataWork.Common\DataWork.Common.csproj", "{A9CC510E-A1BE-4EF1-9539-E51C5EF40214}"
EndProject
Project("{FAE04EC0-301F-11D3-BF4B-00C04F79EFBC}") = "DataWork.Services", "DataWork.Services\DataWork.Services.csproj", "{23D59C1D-AD0B-4F3F-95F1-D0473846906B}"
EndProject
Global
	GlobalSection(SolutionConfigurationPlatforms) = preSolution
		Debug|Any CPU = Debug|Any CPU
		Release|Any CPU = Release|Any CPU
	EndGlobalSection
	GlobalSection(ProjectConfigurationPlatforms) = postSolution
		{F6A64A83-ADFA-43E6-973C-ED663486151F}.Debug|Any CPU.ActiveCfg = Debug|Any CPU
		{F6A64A83-ADFA-43E6-973C-ED663486151F}.Debug|Any CPU.Build.0 = Debug|Any CPU
		{F6A64A83-ADFA-43E6-973C-ED663486151F}.Release|Any CPU.ActiveCfg = Release|Any CPU
		{F6A64A83-ADFA-43E6-973C-ED663486151F}.Release|Any CPU.Build.0 = Release|Any CPU
		{D52EB072-0764-4D0F-BBE0-838E951E9477}.Debug|Any CPU.ActiveCfg = Debug|Any CPU
		{D52EB072-0764-4D0F-BBE0-838E951E9477}.Debug|Any CPU.Build.0 = Debug|Any CPU
		{D52EB072-0764-4D0F-BBE0-838E951E9477}.Release|Any CPU.ActiveCfg = Release|Any CPU
		{D52EB072-0764-4D0F-BBE0-838E951E9477}.Release|Any CPU.Build.0 = Release|Any CPU
		{A9CC510E-A1BE-4EF1-9539-E51C5EF40214}.Debug|Any CPU.ActiveCfg = Debug|Any CPU
		{A9CC510E-A1BE-4EF1-9539-E51C5EF40214}.Debug|Any CPU.Build.0 = Debug|Any CPU
		{A9CC510E-A1BE-4EF1-9539-E51C5EF40214}.Release|Any CPU.ActiveCfg = Release|Any CPU
		{A9CC510E-A1BE-4EF1-9539-E51C5EF40214}.Release|Any CPU.Build.0 = Release|Any CPU
		{23D59C1D-AD0B-4F3F-95F1-D0473846906B}.Debug|Any CPU.ActiveCfg = Debug|Any CPU
		{23D59C1D-AD0B-4F3F-95F1-D0473846906B}.Debug|Any CPU.Build.0 = Debug|Any CPU
		{23D59C1D-AD0B-4F3F-95F1-D0473846906B}.Release|Any CPU.ActiveCfg = Release|Any CPU
		{23D59C1D-AD0B-4F3F-95F1-D0473846906B}.Release|Any CPU.Build.0 = Release|Any CPU
	EndGlobalSection
	GlobalSection(SolutionProperties) = preSolution
		HideSolutionNode = FALSE
	EndGlobalSection
	GlobalSection(ExtensibilityGlobals) = postSolution
		SolutionGuid = {09FF4E71-3942-4EFD-911F-7AEB9AF22CED}
	EndGlobalSection
EndGlobal
